
Microsoft Visual Studio Solution File, Format Version 12.00
# Visual Studio 15
VisualStudioVersion = 15.0.28307.421
MinimumVisualStudioVersion = 10.0.40219.1
Project("{FAE04EC0-301F-11D3-BF4B-00C04F79EFBC}") = "Clock", "Clock\Clock.csproj", "{F82C1A4A-6D56-437E-B25F-B88008C11530}"
EndProject
Global
	GlobalSection(SolutionConfigurationPlatforms) = preSolution
		Debug|Any CPU = Debug|Any CPU
		Release|Any CPU = Release|Any CPU
	EndGlobalSection
	GlobalSection(ProjectConfigurationPlatforms) = postSolution
		{F82C1A4A-6D56-437E-B25F-B88008C11530}.Debug|Any CPU.ActiveCfg = Debug|Any CPU
		{F82C1A4A-6D56-437E-B25F-B88008C11530}.Debug|Any CPU.Build.0 = Debug|Any CPU
		{F82C1A4A-6D56-437E-B25F-B88008C11530}.Release|Any CPU.ActiveCfg = Release|Any CPU
		{F82C1A4A-6D56-437E-B25F-B88008C11530}.Release|Any CPU.Build.0 = Release|Any CPU
	EndGlobalSection
	GlobalSection(SolutionProperties) = preSolution
		HideSolutionNode = FALSE
	EndGlobalSection
	GlobalSection(ExtensibilityGlobals) = postSolution
		SolutionGuid = {331BAF0C-BC24-4CCD-9DA8-9A74EB767842}
	EndGlobalSection
EndGlobal
