
Microsoft Visual Studio Solution File, Format Version 12.00
# Visual Studio 15
VisualStudioVersion = 15.0.28307.421
MinimumVisualStudioVersion = 10.0.40219.1
Project("{FAE04EC0-301F-11D3-BF4B-00C04F79EFBC}") = "1.3.5", "1.3.5\1.3.5.csproj", "{3488635C-3AEC-47D7-8BB4-39B52FA05CD3}"
EndProject
Global
	GlobalSection(SolutionConfigurationPlatforms) = preSolution
		Debug|Any CPU = Debug|Any CPU
		Release|Any CPU = Release|Any CPU
	EndGlobalSection
	GlobalSection(ProjectConfigurationPlatforms) = postSolution
		{3488635C-3AEC-47D7-8BB4-39B52FA05CD3}.Debug|Any CPU.ActiveCfg = Debug|Any CPU
		{3488635C-3AEC-47D7-8BB4-39B52FA05CD3}.Debug|Any CPU.Build.0 = Debug|Any CPU
		{3488635C-3AEC-47D7-8BB4-39B52FA05CD3}.Release|Any CPU.ActiveCfg = Release|Any CPU
		{3488635C-3AEC-47D7-8BB4-39B52FA05CD3}.Release|Any CPU.Build.0 = Release|Any CPU
	EndGlobalSection
	GlobalSection(SolutionProperties) = preSolution
		HideSolutionNode = FALSE
	EndGlobalSection
	GlobalSection(ExtensibilityGlobals) = postSolution
		SolutionGuid = {865CE5ED-5A18-41CD-BCAA-99F76FB82C92}
	EndGlobalSection
EndGlobal
